// !$*UTF8*$!
{
	archiveVersion = 1;
	classes = {
	};
	objectVersion = 50;
	objects = {

/* Begin PBXBuildFile section */
		FA26EC8C22AD7F2D00DB2ADA /* VievControllerLifecycleBehaviors.swift in Sources */ = {isa = PBXBuildFile; fileRef = FA26EC8B22AD7F2D00DB2ADA /* VievControllerLifecycleBehaviors.swift */; };
		FA26EC8E22AD88A800DB2ADA /* BenchmarkViewController.swift in Sources */ = {isa = PBXBuildFile; fileRef = FA26EC8D22AD88A800DB2ADA /* BenchmarkViewController.swift */; };
		FA26EC9022AE213D00DB2ADA /* ProfilViewController.swift in Sources */ = {isa = PBXBuildFile; fileRef = FA26EC8F22AE213D00DB2ADA /* ProfilViewController.swift */; };
		FA928B5D22B56AC50065AB76 /* DataProvider.swift in Sources */ = {isa = PBXBuildFile; fileRef = FA928B5C22B56AC50065AB76 /* DataProvider.swift */; };
		FA928B5F22B56B0A0065AB76 /* Services.swift in Sources */ = {isa = PBXBuildFile; fileRef = FA928B5E22B56B0A0065AB76 /* Services.swift */; };
		FA928B6122B56E600065AB76 /* FeedViewController.swift in Sources */ = {isa = PBXBuildFile; fileRef = FA928B6022B56E600065AB76 /* FeedViewController.swift */; };
		FA928B6422B571760065AB76 /* FeedTableViewCell.swift in Sources */ = {isa = PBXBuildFile; fileRef = FA928B6222B571760065AB76 /* FeedTableViewCell.swift */; };
		FA928B6522B571760065AB76 /* FeedTableViewCell.xib in Resources */ = {isa = PBXBuildFile; fileRef = FA928B6322B571760065AB76 /* FeedTableViewCell.xib */; };
		FACAE62D22C1406C00BCBEC6 /* PieChartView.swift in Sources */ = {isa = PBXBuildFile; fileRef = FACAE62C22C1406C00BCBEC6 /* PieChartView.swift */; };
		FAD31C1522B7DCAC00B976AA /* SessionSummaryViewController.swift in Sources */ = {isa = PBXBuildFile; fileRef = FAD31C1422B7DCAC00B976AA /* SessionSummaryViewController.swift */; };
		FAD31C1C22B8090C00B976AA /* CustomeTimerView.swift in Sources */ = {isa = PBXBuildFile; fileRef = FAD31C1A22B8090C00B976AA /* CustomeTimerView.swift */; };
		FAD31C1D22B8090C00B976AA /* CustomeTimerView.xib in Resources */ = {isa = PBXBuildFile; fileRef = FAD31C1B22B8090C00B976AA /* CustomeTimerView.xib */; };
		FAD31C2322BA8D8500B976AA /* StagLayout.swift in Sources */ = {isa = PBXBuildFile; fileRef = FAD31C2222BA8D8500B976AA /* StagLayout.swift */; };
		FAD31C2522BAA3F000B976AA /* LayoutProvider.swift in Sources */ = {isa = PBXBuildFile; fileRef = FAD31C2422BAA3F000B976AA /* LayoutProvider.swift */; };
		FAD31C2722BABF2200B976AA /* TimerCellModel.swift in Sources */ = {isa = PBXBuildFile; fileRef = FAD31C2622BABF2200B976AA /* TimerCellModel.swift */; };
		FAD6939222A820AC000A9F5F /* CustomButton.swift in Sources */ = {isa = PBXBuildFile; fileRef = FAD6939122A820AC000A9F5F /* CustomButton.swift */; };
		FAD6939622A829E9000A9F5F /* MySplitViewViewController.swift in Sources */ = {isa = PBXBuildFile; fileRef = FAD6939522A829E9000A9F5F /* MySplitViewViewController.swift */; };
		FAD6939922A82D6C000A9F5F /* Detail.storyboard in Resources */ = {isa = PBXBuildFile; fileRef = FAD6939722A82D6C000A9F5F /* Detail.storyboard */; };
		FAD6939B22A82E18000A9F5F /* XibView.xib in Resources */ = {isa = PBXBuildFile; fileRef = FAD6939A22A82E18000A9F5F /* XibView.xib */; };
		FAD6939D22A82F2E000A9F5F /* XibView.swift in Sources */ = {isa = PBXBuildFile; fileRef = FAD6939C22A82F2E000A9F5F /* XibView.swift */; };
		FAE3810522B384FC00B5C016 /* Feed3ViewController.swift in Sources */ = {isa = PBXBuildFile; fileRef = FAE3810422B384FC00B5C016 /* Feed3ViewController.swift */; };
		FAF1922622A3A64E007FB8A7 /* AppDelegate.swift in Sources */ = {isa = PBXBuildFile; fileRef = FAF1922522A3A64E007FB8A7 /* AppDelegate.swift */; };
		FAF1922822A3A64E007FB8A7 /* ViewController.swift in Sources */ = {isa = PBXBuildFile; fileRef = FAF1922722A3A64E007FB8A7 /* ViewController.swift */; };
		FAF1922B22A3A64E007FB8A7 /* Main.storyboard in Resources */ = {isa = PBXBuildFile; fileRef = FAF1922922A3A64E007FB8A7 /* Main.storyboard */; };
		FAF1922D22A3A64F007FB8A7 /* Assets.xcassets in Resources */ = {isa = PBXBuildFile; fileRef = FAF1922C22A3A64F007FB8A7 /* Assets.xcassets */; };
		FAF1923822A6D3B6007FB8A7 /* Picture.jpg in Resources */ = {isa = PBXBuildFile; fileRef = FAF1923722A6D3B6007FB8A7 /* Picture.jpg */; };
		FAF1923A22A6D5EC007FB8A7 /* SwiftSplitView1.png in Resources */ = {isa = PBXBuildFile; fileRef = FAF1923922A6D5EC007FB8A7 /* SwiftSplitView1.png */; };
/* End PBXBuildFile section */

/* Begin PBXFileReference section */
		FA26EC8B22AD7F2D00DB2ADA /* VievControllerLifecycleBehaviors.swift */ = {isa = PBXFileReference; lastKnownFileType = sourcecode.swift; path = VievControllerLifecycleBehaviors.swift; sourceTree = "<group>"; };
		FA26EC8D22AD88A800DB2ADA /* BenchmarkViewController.swift */ = {isa = PBXFileReference; lastKnownFileType = sourcecode.swift; path = BenchmarkViewController.swift; sourceTree = "<group>"; };
		FA26EC8F22AE213D00DB2ADA /* ProfilViewController.swift */ = {isa = PBXFileReference; lastKnownFileType = sourcecode.swift; path = ProfilViewController.swift; sourceTree = "<group>"; };
		FA928B5C22B56AC50065AB76 /* DataProvider.swift */ = {isa = PBXFileReference; lastKnownFileType = sourcecode.swift; path = DataProvider.swift; sourceTree = "<group>"; };
		FA928B5E22B56B0A0065AB76 /* Services.swift */ = {isa = PBXFileReference; lastKnownFileType = sourcecode.swift; path = Services.swift; sourceTree = "<group>"; };
		FA928B6022B56E600065AB76 /* FeedViewController.swift */ = {isa = PBXFileReference; lastKnownFileType = sourcecode.swift; path = FeedViewController.swift; sourceTree = "<group>"; };
		FA928B6222B571760065AB76 /* FeedTableViewCell.swift */ = {isa = PBXFileReference; lastKnownFileType = sourcecode.swift; path = FeedTableViewCell.swift; sourceTree = "<group>"; };
		FA928B6322B571760065AB76 /* FeedTableViewCell.xib */ = {isa = PBXFileReference; lastKnownFileType = file.xib; path = FeedTableViewCell.xib; sourceTree = "<group>"; };
		FACAE62C22C1406C00BCBEC6 /* PieChartView.swift */ = {isa = PBXFileReference; lastKnownFileType = sourcecode.swift; path = PieChartView.swift; sourceTree = "<group>"; };
		FAD31C1422B7DCAC00B976AA /* SessionSummaryViewController.swift */ = {isa = PBXFileReference; lastKnownFileType = sourcecode.swift; path = SessionSummaryViewController.swift; sourceTree = "<group>"; };
		FAD31C1A22B8090C00B976AA /* CustomeTimerView.swift */ = {isa = PBXFileReference; lastKnownFileType = sourcecode.swift; path = CustomeTimerView.swift; sourceTree = "<group>"; };
		FAD31C1B22B8090C00B976AA /* CustomeTimerView.xib */ = {isa = PBXFileReference; lastKnownFileType = file.xib; path = CustomeTimerView.xib; sourceTree = "<group>"; };
		FAD31C2222BA8D8500B976AA /* StagLayout.swift */ = {isa = PBXFileReference; lastKnownFileType = sourcecode.swift; path = StagLayout.swift; sourceTree = "<group>"; };
		FAD31C2422BAA3F000B976AA /* LayoutProvider.swift */ = {isa = PBXFileReference; lastKnownFileType = sourcecode.swift; path = LayoutProvider.swift; sourceTree = "<group>"; };
		FAD31C2622BABF2200B976AA /* TimerCellModel.swift */ = {isa = PBXFileReference; lastKnownFileType = sourcecode.swift; path = TimerCellModel.swift; sourceTree = "<group>"; };
		FAD6939122A820AC000A9F5F /* CustomButton.swift */ = {isa = PBXFileReference; lastKnownFileType = sourcecode.swift; path = CustomButton.swift; sourceTree = "<group>"; };
		FAD6939522A829E9000A9F5F /* MySplitViewViewController.swift */ = {isa = PBXFileReference; lastKnownFileType = sourcecode.swift; path = MySplitViewViewController.swift; sourceTree = "<group>"; };
		FAD6939822A82D6C000A9F5F /* Base */ = {isa = PBXFileReference; lastKnownFileType = file.storyboard; name = Base; path = Otus_HW_1/Base.lproj/Detail.storyboard; sourceTree = "<group>"; };
		FAD6939A22A82E18000A9F5F /* XibView.xib */ = {isa = PBXFileReference; lastKnownFileType = file.xib; path = XibView.xib; sourceTree = "<group>"; };
		FAD6939C22A82F2E000A9F5F /* XibView.swift */ = {isa = PBXFileReference; lastKnownFileType = sourcecode.swift; path = XibView.swift; sourceTree = "<group>"; };
		FAE3810422B384FC00B5C016 /* Feed3ViewController.swift */ = {isa = PBXFileReference; lastKnownFileType = sourcecode.swift; path = Feed3ViewController.swift; sourceTree = "<group>"; };
		FAF1922222A3A64E007FB8A7 /* Otus_HW_4.app */ = {isa = PBXFileReference; explicitFileType = wrapper.application; includeInIndex = 0; path = Otus_HW_4.app; sourceTree = BUILT_PRODUCTS_DIR; };
		FAF1922522A3A64E007FB8A7 /* AppDelegate.swift */ = {isa = PBXFileReference; lastKnownFileType = sourcecode.swift; path = AppDelegate.swift; sourceTree = "<group>"; };
		FAF1922722A3A64E007FB8A7 /* ViewController.swift */ = {isa = PBXFileReference; lastKnownFileType = sourcecode.swift; path = ViewController.swift; sourceTree = "<group>"; };
		FAF1922A22A3A64E007FB8A7 /* Base */ = {isa = PBXFileReference; lastKnownFileType = file.storyboard; name = Base; path = Base.lproj/Main.storyboard; sourceTree = "<group>"; };
		FAF1922C22A3A64F007FB8A7 /* Assets.xcassets */ = {isa = PBXFileReference; lastKnownFileType = folder.assetcatalog; path = Assets.xcassets; sourceTree = "<group>"; };
		FAF1923122A3A64F007FB8A7 /* Info.plist */ = {isa = PBXFileReference; lastKnownFileType = text.plist.xml; path = Info.plist; sourceTree = "<group>"; };
		FAF1923722A6D3B6007FB8A7 /* Picture.jpg */ = {isa = PBXFileReference; lastKnownFileType = image.jpeg; path = Picture.jpg; sourceTree = "<group>"; };
		FAF1923922A6D5EC007FB8A7 /* SwiftSplitView1.png */ = {isa = PBXFileReference; lastKnownFileType = image.png; path = SwiftSplitView1.png; sourceTree = "<group>"; };
/* End PBXFileReference section */

/* Begin PBXFrameworksBuildPhase section */
		FAF1921F22A3A64E007FB8A7 /* Frameworks */ = {
			isa = PBXFrameworksBuildPhase;
			buildActionMask = 2147483647;
			files = (
			);
			runOnlyForDeploymentPostprocessing = 0;
		};
/* End PBXFrameworksBuildPhase section */

/* Begin PBXGroup section */
		FA26EC8A22AD7F0B00DB2ADA /* Protocol */ = {
			isa = PBXGroup;
			children = (
				FA26EC8B22AD7F2D00DB2ADA /* VievControllerLifecycleBehaviors.swift */,
			);
			path = Protocol;
			sourceTree = "<group>";
		};
		FA928B5B22B56A840065AB76 /* Services */ = {
			isa = PBXGroup;
			children = (
				FA928B5C22B56AC50065AB76 /* DataProvider.swift */,
				FA928B5E22B56B0A0065AB76 /* Services.swift */,
				FAD31C2422BAA3F000B976AA /* LayoutProvider.swift */,
			);
			path = Services;
			sourceTree = "<group>";
		};
		FA928B6622B5717E0065AB76 /* Feed */ = {
			isa = PBXGroup;
			children = (
				FA928B6222B571760065AB76 /* FeedTableViewCell.swift */,
				FA928B6322B571760065AB76 /* FeedTableViewCell.xib */,
				FA928B6022B56E600065AB76 /* FeedViewController.swift */,
			);
			path = Feed;
			sourceTree = "<group>";
		};
		FAC16A3422AACA5600552721 /* UI */ = {
			isa = PBXGroup;
			children = (
				FACAE62B22C1403E00BCBEC6 /* PieChart */,
				FAD31C1722B8087A00B976AA /* CustomTimerView */,
				FAD31C1622B8085600B976AA /* XibView */,
				FAF1922922A3A64E007FB8A7 /* Main.storyboard */,
				FAD6939722A82D6C000A9F5F /* Detail.storyboard */,
				FAD6939122A820AC000A9F5F /* CustomButton.swift */,
			);
			path = UI;
			sourceTree = "<group>";
		};
		FAC16A3522AACABA00552721 /* Controllers */ = {
			isa = PBXGroup;
			children = (
				FAD31C1E22B9719600B976AA /* Benchmark */,
				FA928B6622B5717E0065AB76 /* Feed */,
				FAD6939522A829E9000A9F5F /* MySplitViewViewController.swift */,
				FAF1922722A3A64E007FB8A7 /* ViewController.swift */,
				FA26EC8F22AE213D00DB2ADA /* ProfilViewController.swift */,
				FAE3810422B384FC00B5C016 /* Feed3ViewController.swift */,
				FAD31C1422B7DCAC00B976AA /* SessionSummaryViewController.swift */,
			);
			path = Controllers;
			sourceTree = "<group>";
		};
		FAC16A3622AACB0E00552721 /* Image */ = {
			isa = PBXGroup;
			children = (
				FAF1923722A6D3B6007FB8A7 /* Picture.jpg */,
				FAF1923922A6D5EC007FB8A7 /* SwiftSplitView1.png */,
				FAF1922C22A3A64F007FB8A7 /* Assets.xcassets */,
			);
			path = Image;
			sourceTree = "<group>";
		};
		FACAE62B22C1403E00BCBEC6 /* PieChart */ = {
			isa = PBXGroup;
			children = (
				FACAE62C22C1406C00BCBEC6 /* PieChartView.swift */,
			);
			path = PieChart;
			sourceTree = "<group>";
		};
		FAD31C1622B8085600B976AA /* XibView */ = {
			isa = PBXGroup;
			children = (
				FAD6939A22A82E18000A9F5F /* XibView.xib */,
				FAD6939C22A82F2E000A9F5F /* XibView.swift */,
			);
			path = XibView;
			sourceTree = "<group>";
		};
		FAD31C1722B8087A00B976AA /* CustomTimerView */ = {
			isa = PBXGroup;
			children = (
				FAD31C1A22B8090C00B976AA /* CustomeTimerView.swift */,
				FAD31C1B22B8090C00B976AA /* CustomeTimerView.xib */,
				FAD31C2622BABF2200B976AA /* TimerCellModel.swift */,
			);
			path = CustomTimerView;
			sourceTree = "<group>";
		};
		FAD31C1E22B9719600B976AA /* Benchmark */ = {
			isa = PBXGroup;
			children = (
				FAD31C2122BA8D2700B976AA /* StagLayout */,
				FA26EC8D22AD88A800DB2ADA /* BenchmarkViewController.swift */,
			);
			path = Benchmark;
			sourceTree = "<group>";
		};
		FAD31C2122BA8D2700B976AA /* StagLayout */ = {
			isa = PBXGroup;
			children = (
				FAD31C2222BA8D8500B976AA /* StagLayout.swift */,
			);
			path = StagLayout;
			sourceTree = "<group>";
		};
		FAF1921922A3A64E007FB8A7 = {
			isa = PBXGroup;
			children = (
				FAF1922422A3A64E007FB8A7 /* Otus_HW_4 */,
				FAF1922322A3A64E007FB8A7 /* Products */,
			);
			sourceTree = "<group>";
		};
		FAF1922322A3A64E007FB8A7 /* Products */ = {
			isa = PBXGroup;
			children = (
				FAF1922222A3A64E007FB8A7 /* Otus_HW_4.app */,
			);
			name = Products;
			sourceTree = "<group>";
		};
		FAF1922422A3A64E007FB8A7 /* Otus_HW_4 */ = {
			isa = PBXGroup;
			children = (
				FA928B5B22B56A840065AB76 /* Services */,
				FA26EC8A22AD7F0B00DB2ADA /* Protocol */,
				FAC16A3622AACB0E00552721 /* Image */,
				FAC16A3522AACABA00552721 /* Controllers */,
				FAC16A3422AACA5600552721 /* UI */,
				FAF1922522A3A64E007FB8A7 /* AppDelegate.swift */,
				FAF1923122A3A64F007FB8A7 /* Info.plist */,
			);
			path = Otus_HW_4;
			sourceTree = "<group>";
		};
/* End PBXGroup section */

/* Begin PBXNativeTarget section */
		FAF1922122A3A64E007FB8A7 /* Otus_HW_4 */ = {
			isa = PBXNativeTarget;
			buildConfigurationList = FAF1923422A3A64F007FB8A7 /* Build configuration list for PBXNativeTarget "Otus_HW_4" */;
			buildPhases = (
				FAF1921E22A3A64E007FB8A7 /* Sources */,
				FAF1921F22A3A64E007FB8A7 /* Frameworks */,
				FAF1922022A3A64E007FB8A7 /* Resources */,
			);
			buildRules = (
			);
			dependencies = (
			);
			name = Otus_HW_4;
			productName = Otus_HW_1;
			productReference = FAF1922222A3A64E007FB8A7 /* Otus_HW_4.app */;
			productType = "com.apple.product-type.application";
		};
/* End PBXNativeTarget section */

/* Begin PBXProject section */
		FAF1921A22A3A64E007FB8A7 /* Project object */ = {
			isa = PBXProject;
			attributes = {
				LastSwiftUpdateCheck = 1020;
				LastUpgradeCheck = 1020;
				ORGANIZATIONNAME = "Mezencev Aleksei";
				TargetAttributes = {
					FAF1922122A3A64E007FB8A7 = {
						CreatedOnToolsVersion = 10.2.1;
					};
				};
			};
			buildConfigurationList = FAF1921D22A3A64E007FB8A7 /* Build configuration list for PBXProject "Otus_HW_4" */;
			compatibilityVersion = "Xcode 9.3";
			developmentRegion = en;
			hasScannedForEncodings = 0;
			knownRegions = (
				en,
				Base,
			);
			mainGroup = FAF1921922A3A64E007FB8A7;
			productRefGroup = FAF1922322A3A64E007FB8A7 /* Products */;
			projectDirPath = "";
			projectRoot = "";
			targets = (
				FAF1922122A3A64E007FB8A7 /* Otus_HW_4 */,
			);
		};
/* End PBXProject section */

/* Begin PBXResourcesBuildPhase section */
		FAF1922022A3A64E007FB8A7 /* Resources */ = {
			isa = PBXResourcesBuildPhase;
			buildActionMask = 2147483647;
			files = (
				FAF1923A22A6D5EC007FB8A7 /* SwiftSplitView1.png in Resources */,
				FAD31C1D22B8090C00B976AA /* CustomeTimerView.xib in Resources */,
				FAF1922D22A3A64F007FB8A7 /* Assets.xcassets in Resources */,
				FAD6939922A82D6C000A9F5F /* Detail.storyboard in Resources */,
				FAF1923822A6D3B6007FB8A7 /* Picture.jpg in Resources */,
				FAF1922B22A3A64E007FB8A7 /* Main.storyboard in Resources */,
				FAD6939B22A82E18000A9F5F /* XibView.xib in Resources */,
				FA928B6522B571760065AB76 /* FeedTableViewCell.xib in Resources */,
			);
			runOnlyForDeploymentPostprocessing = 0;
		};
/* End PBXResourcesBuildPhase section */

/* Begin PBXSourcesBuildPhase section */
		FAF1921E22A3A64E007FB8A7 /* Sources */ = {
			isa = PBXSourcesBuildPhase;
			buildActionMask = 2147483647;
			files = (
				FA26EC9022AE213D00DB2ADA /* ProfilViewController.swift in Sources */,
				FAD6939D22A82F2E000A9F5F /* XibView.swift in Sources */,
				FA26EC8E22AD88A800DB2ADA /* BenchmarkViewController.swift in Sources */,
				FA928B5F22B56B0A0065AB76 /* Services.swift in Sources */,
				FA26EC8C22AD7F2D00DB2ADA /* VievControllerLifecycleBehaviors.swift in Sources */,
				FA928B6422B571760065AB76 /* FeedTableViewCell.swift in Sources */,
				FAF1922822A3A64E007FB8A7 /* ViewController.swift in Sources */,
				FA928B5D22B56AC50065AB76 /* DataProvider.swift in Sources */,
				FAD31C2322BA8D8500B976AA /* StagLayout.swift in Sources */,
				FAD31C2522BAA3F000B976AA /* LayoutProvider.swift in Sources */,
				FAD31C1C22B8090C00B976AA /* CustomeTimerView.swift in Sources */,
				FACAE62D22C1406C00BCBEC6 /* PieChartView.swift in Sources */,
				FAD31C1522B7DCAC00B976AA /* SessionSummaryViewController.swift in Sources */,
				FAF1922622A3A64E007FB8A7 /* AppDelegate.swift in Sources */,
				FAD31C2722BABF2200B976AA /* TimerCellModel.swift in Sources */,
				FAD6939622A829E9000A9F5F /* MySplitViewViewController.swift in Sources */,
				FAE3810522B384FC00B5C016 /* Feed3ViewController.swift in Sources */,
				FA928B6122B56E600065AB76 /* FeedViewController.swift in Sources */,
				FAD6939222A820AC000A9F5F /* CustomButton.swift in Sources */,
			);
			runOnlyForDeploymentPostprocessing = 0;
		};
/* End PBXSourcesBuildPhase section */

/* Begin PBXVariantGroup section */
		FAD6939722A82D6C000A9F5F /* Detail.storyboard */ = {
			isa = PBXVariantGroup;
			children = (
				FAD6939822A82D6C000A9F5F /* Base */,
			);
			name = Detail.storyboard;
			sourceTree = "<group>";
		};
		FAF1922922A3A64E007FB8A7 /* Main.storyboard */ = {
			isa = PBXVariantGroup;
			children = (
				FAF1922A22A3A64E007FB8A7 /* Base */,
			);
			name = Main.storyboard;
			sourceTree = "<group>";
		};
/* End PBXVariantGroup section */

/* Begin XCBuildConfiguration section */
		FAF1923222A3A64F007FB8A7 /* Debug */ = {
			isa = XCBuildConfiguration;
			buildSettings = {
				ALWAYS_SEARCH_USER_PATHS = NO;
				CLANG_ANALYZER_NONNULL = YES;
				CLANG_ANALYZER_NUMBER_OBJECT_CONVERSION = YES_AGGRESSIVE;
				CLANG_CXX_LANGUAGE_STANDARD = "gnu++14";
				CLANG_CXX_LIBRARY = "libc++";
				CLANG_ENABLE_MODULES = YES;
				CLANG_ENABLE_OBJC_ARC = YES;
				CLANG_ENABLE_OBJC_WEAK = YES;
				CLANG_WARN_BLOCK_CAPTURE_AUTORELEASING = YES;
				CLANG_WARN_BOOL_CONVERSION = YES;
				CLANG_WARN_COMMA = YES;
				CLANG_WARN_CONSTANT_CONVERSION = YES;
				CLANG_WARN_DEPRECATED_OBJC_IMPLEMENTATIONS = YES;
				CLANG_WARN_DIRECT_OBJC_ISA_USAGE = YES_ERROR;
				CLANG_WARN_DOCUMENTATION_COMMENTS = YES;
				CLANG_WARN_EMPTY_BODY = YES;
				CLANG_WARN_ENUM_CONVERSION = YES;
				CLANG_WARN_INFINITE_RECURSION = YES;
				CLANG_WARN_INT_CONVERSION = YES;
				CLANG_WARN_NON_LITERAL_NULL_CONVERSION = YES;
				CLANG_WARN_OBJC_IMPLICIT_RETAIN_SELF = YES;
				CLANG_WARN_OBJC_LITERAL_CONVERSION = YES;
				CLANG_WARN_OBJC_ROOT_CLASS = YES_ERROR;
				CLANG_WARN_RANGE_LOOP_ANALYSIS = YES;
				CLANG_WARN_STRICT_PROTOTYPES = YES;
				CLANG_WARN_SUSPICIOUS_MOVE = YES;
				CLANG_WARN_UNGUARDED_AVAILABILITY = YES_AGGRESSIVE;
				CLANG_WARN_UNREACHABLE_CODE = YES;
				CLANG_WARN__DUPLICATE_METHOD_MATCH = YES;
				CODE_SIGN_IDENTITY = "iPhone Developer";
				COPY_PHASE_STRIP = NO;
				DEBUG_INFORMATION_FORMAT = dwarf;
				ENABLE_STRICT_OBJC_MSGSEND = YES;
				ENABLE_TESTABILITY = YES;
				GCC_C_LANGUAGE_STANDARD = gnu11;
				GCC_DYNAMIC_NO_PIC = NO;
				GCC_NO_COMMON_BLOCKS = YES;
				GCC_OPTIMIZATION_LEVEL = 0;
				GCC_PREPROCESSOR_DEFINITIONS = (
					"DEBUG=1",
					"$(inherited)",
				);
				GCC_WARN_64_TO_32_BIT_CONVERSION = YES;
				GCC_WARN_ABOUT_RETURN_TYPE = YES_ERROR;
				GCC_WARN_UNDECLARED_SELECTOR = YES;
				GCC_WARN_UNINITIALIZED_AUTOS = YES_AGGRESSIVE;
				GCC_WARN_UNUSED_FUNCTION = YES;
				GCC_WARN_UNUSED_VARIABLE = YES;
				IPHONEOS_DEPLOYMENT_TARGET = 12.2;
				MTL_ENABLE_DEBUG_INFO = INCLUDE_SOURCE;
				MTL_FAST_MATH = YES;
				ONLY_ACTIVE_ARCH = YES;
				SDKROOT = iphoneos;
				SWIFT_ACTIVE_COMPILATION_CONDITIONS = DEBUG;
				SWIFT_OPTIMIZATION_LEVEL = "-Onone";
			};
			name = Debug;
		};
		FAF1923322A3A64F007FB8A7 /* Release */ = {
			isa = XCBuildConfiguration;
			buildSettings = {
				ALWAYS_SEARCH_USER_PATHS = NO;
				CLANG_ANALYZER_NONNULL = YES;
				CLANG_ANALYZER_NUMBER_OBJECT_CONVERSION = YES_AGGRESSIVE;
				CLANG_CXX_LANGUAGE_STANDARD = "gnu++14";
				CLANG_CXX_LIBRARY = "libc++";
				CLANG_ENABLE_MODULES = YES;
				CLANG_ENABLE_OBJC_ARC = YES;
				CLANG_ENABLE_OBJC_WEAK = YES;
				CLANG_WARN_BLOCK_CAPTURE_AUTORELEASING = YES;
				CLANG_WARN_BOOL_CONVERSION = YES;
				CLANG_WARN_COMMA = YES;
				CLANG_WARN_CONSTANT_CONVERSION = YES;
				CLANG_WARN_DEPRECATED_OBJC_IMPLEMENTATIONS = YES;
				CLANG_WARN_DIRECT_OBJC_ISA_USAGE = YES_ERROR;
				CLANG_WARN_DOCUMENTATION_COMMENTS = YES;
				CLANG_WARN_EMPTY_BODY = YES;
				CLANG_WARN_ENUM_CONVERSION = YES;
				CLANG_WARN_INFINITE_RECURSION = YES;
				CLANG_WARN_INT_CONVERSION = YES;
				CLANG_WARN_NON_LITERAL_NULL_CONVERSION = YES;
				CLANG_WARN_OBJC_IMPLICIT_RETAIN_SELF = YES;
				CLANG_WARN_OBJC_LITERAL_CONVERSION = YES;
				CLANG_WARN_OBJC_ROOT_CLASS = YES_ERROR;
				CLANG_WARN_RANGE_LOOP_ANALYSIS = YES;
				CLANG_WARN_STRICT_PROTOTYPES = YES;
				CLANG_WARN_SUSPICIOUS_MOVE = YES;
				CLANG_WARN_UNGUARDED_AVAILABILITY = YES_AGGRESSIVE;
				CLANG_WARN_UNREACHABLE_CODE = YES;
				CLANG_WARN__DUPLICATE_METHOD_MATCH = YES;
				CODE_SIGN_IDENTITY = "iPhone Developer";
				COPY_PHASE_STRIP = NO;
				DEBUG_INFORMATION_FORMAT = "dwarf-with-dsym";
				ENABLE_NS_ASSERTIONS = NO;
				ENABLE_STRICT_OBJC_MSGSEND = YES;
				GCC_C_LANGUAGE_STANDARD = gnu11;
				GCC_NO_COMMON_BLOCKS = YES;
				GCC_WARN_64_TO_32_BIT_CONVERSION = YES;
				GCC_WARN_ABOUT_RETURN_TYPE = YES_ERROR;
				GCC_WARN_UNDECLARED_SELECTOR = YES;
				GCC_WARN_UNINITIALIZED_AUTOS = YES_AGGRESSIVE;
				GCC_WARN_UNUSED_FUNCTION = YES;
				GCC_WARN_UNUSED_VARIABLE = YES;
				IPHONEOS_DEPLOYMENT_TARGET = 12.2;
				MTL_ENABLE_DEBUG_INFO = NO;
				MTL_FAST_MATH = YES;
				SDKROOT = iphoneos;
				SWIFT_COMPILATION_MODE = wholemodule;
				SWIFT_OPTIMIZATION_LEVEL = "-O";
				VALIDATE_PRODUCT = YES;
			};
			name = Release;
		};
		FAF1923522A3A64F007FB8A7 /* Debug */ = {
			isa = XCBuildConfiguration;
			buildSettings = {
				ASSETCATALOG_COMPILER_APPICON_NAME = AppIcon;
				CODE_SIGN_STYLE = Automatic;
				DEVELOPMENT_TEAM = Q7FB8HWCF6;
				INFOPLIST_FILE = Otus_HW_3/Info.plist;
				LD_RUNPATH_SEARCH_PATHS = (
					"$(inherited)",
					"@executable_path/Frameworks",
				);
				PRODUCT_BUNDLE_IDENTIFIER = "Mezencev.Otus-HW-4";
				PRODUCT_NAME = "$(TARGET_NAME)";
				SWIFT_VERSION = 5.0;
				TARGETED_DEVICE_FAMILY = "1,2";
			};
			name = Debug;
		};
		FAF1923622A3A64F007FB8A7 /* Release */ = {
			isa = XCBuildConfiguration;
			buildSettings = {
				ASSETCATALOG_COMPILER_APPICON_NAME = AppIcon;
				CODE_SIGN_STYLE = Automatic;
				DEVELOPMENT_TEAM = Q7FB8HWCF6;
				INFOPLIST_FILE = Otus_HW_3/Info.plist;
				LD_RUNPATH_SEARCH_PATHS = (
					"$(inherited)",
					"@executable_path/Frameworks",
				);
				PRODUCT_BUNDLE_IDENTIFIER = "Mezencev.Otus-HW-4";
				PRODUCT_NAME = "$(TARGET_NAME)";
				SWIFT_VERSION = 5.0;
				TARGETED_DEVICE_FAMILY = "1,2";
			};
			name = Release;
		};
/* End XCBuildConfiguration section */

/* Begin XCConfigurationList section */
		FAF1921D22A3A64E007FB8A7 /* Build configuration list for PBXProject "Otus_HW_4" */ = {
			isa = XCConfigurationList;
			buildConfigurations = (
				FAF1923222A3A64F007FB8A7 /* Debug */,
				FAF1923322A3A64F007FB8A7 /* Release */,
			);
			defaultConfigurationIsVisible = 0;
			defaultConfigurationName = Release;
		};
		FAF1923422A3A64F007FB8A7 /* Build configuration list for PBXNativeTarget "Otus_HW_4" */ = {
			isa = XCConfigurationList;
			buildConfigurations = (
				FAF1923522A3A64F007FB8A7 /* Debug */,
				FAF1923622A3A64F007FB8A7 /* Release */,
			);
			defaultConfigurationIsVisible = 0;
			defaultConfigurationName = Release;
		};
/* End XCConfigurationList section */
	};
	rootObject = FAF1921A22A3A64E007FB8A7 /* Project object */;
}
